Microsoft Visual Studio Solution File, Format Version 11.00
# Visual Studio 2008

Project("{14ADE4C6-3D89-B235-9597-D2E701BC201B}") = "Jataka Tales", "Assembly-CSharp-firstpass.csproj", "{79161D55-8E51-E828-AFFC-61C2BD64A4EF}"
EndProject
Project("{14ADE4C6-3D89-B235-9597-D2E701BC201B}") = "Jataka Tales", "Assembly-CSharp.csproj", "{210C3723-1AFF-8135-38A9-91AFF3B493D2}"
EndProject
Global
	GlobalSection(SolutionConfigurationPlatforms) = preSolution
		Debug|Any CPU = Debug|Any CPU
		Release|Any CPU = Release|Any CPU
	EndGlobalSection
	GlobalSection(ProjectConfigurationPlatforms) = postSolution
		{79161D55-8E51-E828-AFFC-61C2BD64A4EF}.Debug|Any CPU.ActiveCfg = Debug|Any CPU
		{79161D55-8E51-E828-AFFC-61C2BD64A4EF}.Debug|Any CPU.Build.0 = Debug|Any CPU
		{79161D55-8E51-E828-AFFC-61C2BD64A4EF}.Release|Any CPU.ActiveCfg = Release|Any CPU
		{79161D55-8E51-E828-AFFC-61C2BD64A4EF}.Release|Any CPU.Build.0 = Release|Any CPU
		{210C3723-1AFF-8135-38A9-91AFF3B493D2}.Debug|Any CPU.ActiveCfg = Debug|Any CPU
		{210C3723-1AFF-8135-38A9-91AFF3B493D2}.Debug|Any CPU.Build.0 = Debug|Any CPU
		{210C3723-1AFF-8135-38A9-91AFF3B493D2}.Release|Any CPU.ActiveCfg = Release|Any CPU
		{210C3723-1AFF-8135-38A9-91AFF3B493D2}.Release|Any CPU.Build.0 = Release|Any CPU
	EndGlobalSection
	GlobalSection(SolutionProperties) = preSolution
		HideSolutionNode = FALSE
	EndGlobalSection
																																															GlobalSection(MonoDevelopProperties) = preSolution
		StartupItem = Assembly-CSharp.csproj
		Policies = $0
		$0.TextStylePolicy = $1
		$1.inheritsSet = null
		$1.scope = text/x-csharp
		$0.CSharpFormattingPolicy = $2
		$2.inheritsSet = Mono
		$2.inheritsScope = text/x-csharp
		$2.scope = text/x-csharp
		$0.TextStylePolicy = $3
		$3.FileWidth = 120
		$3.TabWidth = 4
		$3.EolMarker = Unix
		$3.inheritsSet = Mono
		$3.inheritsScope = text/plain
		$3.scope = text/plain
	EndGlobalSection

EndGlobal
